
Microsoft Visual Studio Solution File, Format Version 12.00
# Visual Studio Version 17
VisualStudioVersion = 17.6.33927.249
MinimumVisualStudioVersion = 10.0.40219.1
Project("{9A19103F-16F7-4668-BE54-9A1E7A4F7556}") = "KimlykNet.Backend", "KimlykNet.Backend\KimlykNet.Backend.csproj", "{879FE62D-9E29-4052-A1BC-2EB55AB7E109}"
EndProject
Project("{9A19103F-16F7-4668-BE54-9A1E7A4F7556}") = "KimlykNet.Contracts", "KimlykNet.Contracts\KimlykNet.Contracts.csproj", "{E4E08CA4-DCD3-4D12-9D66-D225ED8CB9C2}"
EndProject
Project("{2150E333-8FDC-42A3-9474-1A3956D46DE8}") = "Solution Files", "Solution Files", "{B1F5021F-AB99-4EBC-AEA1-FACC0B90ADDA}"
	ProjectSection(SolutionItems) = preProject
		.editorconfig = .editorconfig
		.gitignore = .gitignore
		authenticate.http = authenticate.http
		Dockerfile = Dockerfile
		.dockerignore = .dockerignore
	EndProjectSection
EndProject
Project("{2150E333-8FDC-42A3-9474-1A3956D46DE8}") = "Http", "Http", "{65B40C1A-1DB9-4CC5-880F-4131B7011C88}"
EndProject
Project("{2150E333-8FDC-42A3-9474-1A3956D46DE8}") = "Localhost", "Localhost", "{0D73DCEC-E13B-4087-8F0B-D5BC96F99C2F}"
	ProjectSection(SolutionItems) = preProject
		authenticate.http = authenticate.http
		userInfo.http = userInfo.http
	EndProjectSection
EndProject
Project("{FAE04EC0-301F-11D3-BF4B-00C04F79EFBC}") = "KimlykNet.Data", "KimlykNet.Data\KimlykNet.Data.csproj", "{3F040DE0-9C75-4527-84B1-A014129BCE67}"
EndProject
Project("{FAE04EC0-301F-11D3-BF4B-00C04F79EFBC}") = "KimlykNet.Data.Abstractions", "KimlykNet.Data.Abstractions\KimlykNet.Data.Abstractions.csproj", "{3A8656E1-A874-4B2B-A1AA-3F4A35168AEB}"
EndProject
Project("{FAE04EC0-301F-11D3-BF4B-00C04F79EFBC}") = "KimlykNet.Services", "KimlykNet.Services\KimlykNet.Services.csproj", "{77D0579D-CE24-4331-AD9E-5FADE4377B3C}"
EndProject
Project("{FAE04EC0-301F-11D3-BF4B-00C04F79EFBC}") = "KimlykNet.Services.Abstractions", "KimlykNet.Services.Abstractions\KimlykNet.Services.Abstractions.csproj", "{EFC44FAA-6BF6-40E4-9CF5-F5DF7383C19B}"
EndProject
Global
	GlobalSection(SolutionConfigurationPlatforms) = preSolution
		Debug|Any CPU = Debug|Any CPU
		Release|Any CPU = Release|Any CPU
	EndGlobalSection
	GlobalSection(ProjectConfigurationPlatforms) = postSolution
		{879FE62D-9E29-4052-A1BC-2EB55AB7E109}.Debug|Any CPU.ActiveCfg = Debug|Any CPU
		{879FE62D-9E29-4052-A1BC-2EB55AB7E109}.Debug|Any CPU.Build.0 = Debug|Any CPU
		{879FE62D-9E29-4052-A1BC-2EB55AB7E109}.Release|Any CPU.ActiveCfg = Release|Any CPU
		{879FE62D-9E29-4052-A1BC-2EB55AB7E109}.Release|Any CPU.Build.0 = Release|Any CPU
		{E4E08CA4-DCD3-4D12-9D66-D225ED8CB9C2}.Debug|Any CPU.ActiveCfg = Debug|Any CPU
		{E4E08CA4-DCD3-4D12-9D66-D225ED8CB9C2}.Debug|Any CPU.Build.0 = Debug|Any CPU
		{E4E08CA4-DCD3-4D12-9D66-D225ED8CB9C2}.Release|Any CPU.ActiveCfg = Release|Any CPU
		{E4E08CA4-DCD3-4D12-9D66-D225ED8CB9C2}.Release|Any CPU.Build.0 = Release|Any CPU
		{3F040DE0-9C75-4527-84B1-A014129BCE67}.Debug|Any CPU.ActiveCfg = Debug|Any CPU
		{3F040DE0-9C75-4527-84B1-A014129BCE67}.Debug|Any CPU.Build.0 = Debug|Any CPU
		{3F040DE0-9C75-4527-84B1-A014129BCE67}.Release|Any CPU.ActiveCfg = Release|Any CPU
		{3F040DE0-9C75-4527-84B1-A014129BCE67}.Release|Any CPU.Build.0 = Release|Any CPU
		{3A8656E1-A874-4B2B-A1AA-3F4A35168AEB}.Debug|Any CPU.ActiveCfg = Debug|Any CPU
		{3A8656E1-A874-4B2B-A1AA-3F4A35168AEB}.Debug|Any CPU.Build.0 = Debug|Any CPU
		{3A8656E1-A874-4B2B-A1AA-3F4A35168AEB}.Release|Any CPU.ActiveCfg = Release|Any CPU
		{3A8656E1-A874-4B2B-A1AA-3F4A35168AEB}.Release|Any CPU.Build.0 = Release|Any CPU
		{77D0579D-CE24-4331-AD9E-5FADE4377B3C}.Debug|Any CPU.ActiveCfg = Debug|Any CPU
		{77D0579D-CE24-4331-AD9E-5FADE4377B3C}.Debug|Any CPU.Build.0 = Debug|Any CPU
		{77D0579D-CE24-4331-AD9E-5FADE4377B3C}.Release|Any CPU.ActiveCfg = Release|Any CPU
		{77D0579D-CE24-4331-AD9E-5FADE4377B3C}.Release|Any CPU.Build.0 = Release|Any CPU
		{EFC44FAA-6BF6-40E4-9CF5-F5DF7383C19B}.Debug|Any CPU.ActiveCfg = Debug|Any CPU
		{EFC44FAA-6BF6-40E4-9CF5-F5DF7383C19B}.Debug|Any CPU.Build.0 = Debug|Any CPU
		{EFC44FAA-6BF6-40E4-9CF5-F5DF7383C19B}.Release|Any CPU.ActiveCfg = Release|Any CPU
		{EFC44FAA-6BF6-40E4-9CF5-F5DF7383C19B}.Release|Any CPU.Build.0 = Release|Any CPU
	EndGlobalSection
	GlobalSection(SolutionProperties) = preSolution
		HideSolutionNode = FALSE
	EndGlobalSection
	GlobalSection(NestedProjects) = preSolution
		{65B40C1A-1DB9-4CC5-880F-4131B7011C88} = {B1F5021F-AB99-4EBC-AEA1-FACC0B90ADDA}
		{0D73DCEC-E13B-4087-8F0B-D5BC96F99C2F} = {65B40C1A-1DB9-4CC5-880F-4131B7011C88}
	EndGlobalSection
	GlobalSection(ExtensibilityGlobals) = postSolution
		SolutionGuid = {8C87FC8D-517D-4739-990A-B421AA5CD70C}
	EndGlobalSection
EndGlobal
